
Microsoft Visual Studio Solution File, Format Version 11.00
# Visual Studio 2010
Project("{8BC9CEB8-8B4A-11D0-8D11-00A0C91BC942}") = "Lunasa", "Lunasa\Lunasa.vcxproj", "{70EC566F-BBAF-471A-8825-E15DA30E1265}"
EndProject
Global
	GlobalSection(SolutionConfigurationPlatforms) = preSolution
		Debug|Win32 = Debug|Win32
		Release|Win32 = Release|Win32
	EndGlobalSection
	GlobalSection(ProjectConfigurationPlatforms) = postSolution
		{70EC566F-BBAF-471A-8825-E15DA30E1265}.Debug|Win32.ActiveCfg = Debug|Win32
		{70EC566F-BBAF-471A-8825-E15DA30E1265}.Debug|Win32.Build.0 = Debug|Win32
		{70EC566F-BBAF-471A-8825-E15DA30E1265}.Release|Win32.ActiveCfg = Release|Win32
		{70EC566F-BBAF-471A-8825-E15DA30E1265}.Release|Win32.Build.0 = Release|Win32
	EndGlobalSection
	GlobalSection(SolutionProperties) = preSolution
		HideSolutionNode = FALSE
	EndGlobalSection
EndGlobal
